
Microsoft Visual Studio Solution File, Format Version 12.00
# Visual Studio Version 17
VisualStudioVersion = 17.1.32421.90
MinimumVisualStudioVersion = 10.0.40219.1
Project("{FAE04EC0-301F-11D3-BF4B-00C04F79EFBC}") = "asiignments", "asiignments\asiignments.csproj", "{056CF9B6-F48A-4F60-A6C0-EFE47CCCE2FB}"
EndProject
Global
	GlobalSection(SolutionConfigurationPlatforms) = preSolution
		Debug|Any CPU = Debug|Any CPU
		Release|Any CPU = Release|Any CPU
	EndGlobalSection
	GlobalSection(ProjectConfigurationPlatforms) = postSolution
		{056CF9B6-F48A-4F60-A6C0-EFE47CCCE2FB}.Debug|Any CPU.ActiveCfg = Debug|Any CPU
		{056CF9B6-F48A-4F60-A6C0-EFE47CCCE2FB}.Debug|Any CPU.Build.0 = Debug|Any CPU
		{056CF9B6-F48A-4F60-A6C0-EFE47CCCE2FB}.Release|Any CPU.ActiveCfg = Release|Any CPU
		{056CF9B6-F48A-4F60-A6C0-EFE47CCCE2FB}.Release|Any CPU.Build.0 = Release|Any CPU
	EndGlobalSection
	GlobalSection(SolutionProperties) = preSolution
		HideSolutionNode = FALSE
	EndGlobalSection
	GlobalSection(ExtensibilityGlobals) = postSolution
		SolutionGuid = {87E1B803-17C8-4211-AE40-782428C1AF63}
	EndGlobalSection
EndGlobal
